// !$*UTF8*$!
{
	archiveVersion = 1;
	classes = {
	};
	objectVersion = 50;
	objects = {

/* Begin PBXBuildFile section */
		19393E502224E5CF00891800 /* SentMemeCollectionViewController.swift in Sources */ = {isa = PBXBuildFile; fileRef = 19393E4F2224E5CF00891800 /* SentMemeCollectionViewController.swift */; };
		19393E522224E63C00891800 /* SentMemeCollectionViewCell.swift in Sources */ = {isa = PBXBuildFile; fileRef = 19393E512224E63C00891800 /* SentMemeCollectionViewCell.swift */; };
		19642AAE22250ED60099FCF8 /* SentMemesTableViewController.swift in Sources */ = {isa = PBXBuildFile; fileRef = 19642AAD22250ED60099FCF8 /* SentMemesTableViewController.swift */; };
		19642AB4222519F30099FCF8 /* DetailsVC.swift in Sources */ = {isa = PBXBuildFile; fileRef = 19642AB3222519F30099FCF8 /* DetailsVC.swift */; };
		19EF6A3B2203A11D00332A40 /* AppDelegate.swift in Sources */ = {isa = PBXBuildFile; fileRef = 19EF6A3A2203A11D00332A40 /* AppDelegate.swift */; };
		19EF6A3D2203A11D00332A40 /* MemeMeVC.swift in Sources */ = {isa = PBXBuildFile; fileRef = 19EF6A3C2203A11D00332A40 /* MemeMeVC.swift */; };
		19EF6A402203A11D00332A40 /* Main.storyboard in Resources */ = {isa = PBXBuildFile; fileRef = 19EF6A3E2203A11D00332A40 /* Main.storyboard */; };
		19EF6A422203A11E00332A40 /* Assets.xcassets in Resources */ = {isa = PBXBuildFile; fileRef = 19EF6A412203A11E00332A40 /* Assets.xcassets */; };
		19EF6A452203A11E00332A40 /* LaunchScreen.storyboard in Resources */ = {isa = PBXBuildFile; fileRef = 19EF6A432203A11E00332A40 /* LaunchScreen.storyboard */; };
		19EF6A5622067BA300332A40 /* MemeStruct.swift in Sources */ = {isa = PBXBuildFile; fileRef = 19EF6A5522067BA300332A40 /* MemeStruct.swift */; };
/* End PBXBuildFile section */

/* Begin PBXFileReference section */
		19393E4F2224E5CF00891800 /* SentMemeCollectionViewController.swift */ = {isa = PBXFileReference; lastKnownFileType = sourcecode.swift; path = SentMemeCollectionViewController.swift; sourceTree = "<group>"; };
		19393E512224E63C00891800 /* SentMemeCollectionViewCell.swift */ = {isa = PBXFileReference; lastKnownFileType = sourcecode.swift; path = SentMemeCollectionViewCell.swift; sourceTree = "<group>"; };
		19642AAD22250ED60099FCF8 /* SentMemesTableViewController.swift */ = {isa = PBXFileReference; lastKnownFileType = sourcecode.swift; path = SentMemesTableViewController.swift; sourceTree = "<group>"; };
		19642AB3222519F30099FCF8 /* DetailsVC.swift */ = {isa = PBXFileReference; lastKnownFileType = sourcecode.swift; path = DetailsVC.swift; sourceTree = "<group>"; };
		19EF6A372203A11D00332A40 /* MemeMe.app */ = {isa = PBXFileReference; explicitFileType = wrapper.application; includeInIndex = 0; path = MemeMe.app; sourceTree = BUILT_PRODUCTS_DIR; };
		19EF6A3A2203A11D00332A40 /* AppDelegate.swift */ = {isa = PBXFileReference; lastKnownFileType = sourcecode.swift; path = AppDelegate.swift; sourceTree = "<group>"; };
		19EF6A3C2203A11D00332A40 /* MemeMeVC.swift */ = {isa = PBXFileReference; lastKnownFileType = sourcecode.swift; path = MemeMeVC.swift; sourceTree = "<group>"; };
		19EF6A3F2203A11D00332A40 /* Base */ = {isa = PBXFileReference; lastKnownFileType = file.storyboard; name = Base; path = Base.lproj/Main.storyboard; sourceTree = "<group>"; };
		19EF6A412203A11E00332A40 /* Assets.xcassets */ = {isa = PBXFileReference; lastKnownFileType = folder.assetcatalog; path = Assets.xcassets; sourceTree = "<group>"; };
		19EF6A442203A11E00332A40 /* Base */ = {isa = PBXFileReference; lastKnownFileType = file.storyboard; name = Base; path = Base.lproj/LaunchScreen.storyboard; sourceTree = "<group>"; };
		19EF6A462203A11E00332A40 /* Info.plist */ = {isa = PBXFileReference; lastKnownFileType = text.plist.xml; path = Info.plist; sourceTree = "<group>"; };
		19EF6A5522067BA300332A40 /* MemeStruct.swift */ = {isa = PBXFileReference; lastKnownFileType = sourcecode.swift; path = MemeStruct.swift; sourceTree = "<group>"; };
/* End PBXFileReference section */

/* Begin PBXFrameworksBuildPhase section */
		19EF6A342203A11D00332A40 /* Frameworks */ = {
			isa = PBXFrameworksBuildPhase;
			buildActionMask = 2147483647;
			files = (
			);
			runOnlyForDeploymentPostprocessing = 0;
		};
/* End PBXFrameworksBuildPhase section */

/* Begin PBXGroup section */
		19EF6A2E2203A11D00332A40 = {
			isa = PBXGroup;
			children = (
				19EF6A392203A11D00332A40 /* MemeMe */,
				19EF6A382203A11D00332A40 /* Products */,
			);
			sourceTree = "<group>";
		};
		19EF6A382203A11D00332A40 /* Products */ = {
			isa = PBXGroup;
			children = (
				19EF6A372203A11D00332A40 /* MemeMe.app */,
			);
			name = Products;
			sourceTree = "<group>";
		};
		19EF6A392203A11D00332A40 /* MemeMe */ = {
			isa = PBXGroup;
			children = (
				19EF6A3A2203A11D00332A40 /* AppDelegate.swift */,
				19EF6A3C2203A11D00332A40 /* MemeMeVC.swift */,
				19EF6A5522067BA300332A40 /* MemeStruct.swift */,
				19393E4F2224E5CF00891800 /* SentMemeCollectionViewController.swift */,
				19393E512224E63C00891800 /* SentMemeCollectionViewCell.swift */,
				19642AAD22250ED60099FCF8 /* SentMemesTableViewController.swift */,
				19642AB3222519F30099FCF8 /* DetailsVC.swift */,
				19EF6A3E2203A11D00332A40 /* Main.storyboard */,
				19EF6A412203A11E00332A40 /* Assets.xcassets */,
				19EF6A432203A11E00332A40 /* LaunchScreen.storyboard */,
				19EF6A462203A11E00332A40 /* Info.plist */,
			);
			path = MemeMe;
			sourceTree = "<group>";
		};
/* End PBXGroup section */

/* Begin PBXNativeTarget section */
		19EF6A362203A11D00332A40 /* MemeMe */ = {
			isa = PBXNativeTarget;
			buildConfigurationList = 19EF6A492203A11E00332A40 /* Build configuration list for PBXNativeTarget "MemeMe" */;
			buildPhases = (
				19EF6A332203A11D00332A40 /* Sources */,
				19EF6A342203A11D00332A40 /* Frameworks */,
				19EF6A352203A11D00332A40 /* Resources */,
			);
			buildRules = (
			);
			dependencies = (
			);
			name = MemeMe;
			productName = "MemeMe 1.0";
			productReference = 19EF6A372203A11D00332A40 /* MemeMe.app */;
			productType = "com.apple.product-type.application";
		};
/* End PBXNativeTarget section */

/* Begin PBXProject section */
		19EF6A2F2203A11D00332A40 /* Project object */ = {
			isa = PBXProject;
			attributes = {
				LastSwiftUpdateCheck = 1010;
				LastUpgradeCheck = 1010;
				ORGANIZATIONNAME = Me;
				TargetAttributes = {
					19EF6A362203A11D00332A40 = {
						CreatedOnToolsVersion = 10.1;
					};
				};
			};
			buildConfigurationList = 19EF6A322203A11D00332A40 /* Build configuration list for PBXProject "MemeMe" */;
			compatibilityVersion = "Xcode 9.3";
			developmentRegion = en;
			hasScannedForEncodings = 0;
			knownRegions = (
				en,
				Base,
			);
			mainGroup = 19EF6A2E2203A11D00332A40;
			productRefGroup = 19EF6A382203A11D00332A40 /* Products */;
			projectDirPath = "";
			projectRoot = "";
			targets = (
				19EF6A362203A11D00332A40 /* MemeMe */,
			);
		};
/* End PBXProject section */

/* Begin PBXResourcesBuildPhase section */
		19EF6A352203A11D00332A40 /* Resources */ = {
			isa = PBXResourcesBuildPhase;
			buildActionMask = 2147483647;
			files = (
				19EF6A452203A11E00332A40 /* LaunchScreen.storyboard in Resources */,
				19EF6A422203A11E00332A40 /* Assets.xcassets in Resources */,
				19EF6A402203A11D00332A40 /* Main.storyboard in Resources */,
			);
			runOnlyForDeploymentPostprocessing = 0;
		};
/* End PBXResourcesBuildPhase section */

/* Begin PBXSourcesBuildPhase section */
		19EF6A332203A11D00332A40 /* Sources */ = {
			isa = PBXSourcesBuildPhase;
			buildActionMask = 2147483647;
			files = (
				19642AB4222519F30099FCF8 /* DetailsVC.swift in Sources */,
				19393E522224E63C00891800 /* SentMemeCollectionViewCell.swift in Sources */,
				19EF6A3D2203A11D00332A40 /* MemeMeVC.swift in Sources */,
				19393E502224E5CF00891800 /* SentMemeCollectionViewController.swift in Sources */,
				19EF6A5622067BA300332A40 /* MemeStruct.swift in Sources */,
				19EF6A3B2203A11D00332A40 /* AppDelegate.swift in Sources */,
				19642AAE22250ED60099FCF8 /* SentMemesTableViewController.swift in Sources */,
			);
			runOnlyForDeploymentPostprocessing = 0;
		};
/* End PBXSourcesBuildPhase section */

/* Begin PBXVariantGroup section */
		19EF6A3E2203A11D00332A40 /* Main.storyboard */ = {
			isa = PBXVariantGroup;
			children = (
				19EF6A3F2203A11D00332A40 /* Base */,
			);
			name = Main.storyboard;
			sourceTree = "<group>";
		};
		19EF6A432203A11E00332A40 /* LaunchScreen.storyboard */ = {
			isa = PBXVariantGroup;
			children = (
				19EF6A442203A11E00332A40 /* Base */,
			);
			name = LaunchScreen.storyboard;
			sourceTree = "<group>";
		};
/* End PBXVariantGroup section */

/* Begin XCBuildConfiguration section */
		19EF6A472203A11E00332A40 /* Debug */ = {
			isa = XCBuildConfiguration;
			buildSettings = {
				ALWAYS_SEARCH_USER_PATHS = NO;
				CLANG_ANALYZER_NONNULL = YES;
				CLANG_ANALYZER_NUMBER_OBJECT_CONVERSION = YES_AGGRESSIVE;
				CLANG_CXX_LANGUAGE_STANDARD = "gnu++14";
				CLANG_CXX_LIBRARY = "libc++";
				CLANG_ENABLE_MODULES = YES;
				CLANG_ENABLE_OBJC_ARC = YES;
				CLANG_ENABLE_OBJC_WEAK = YES;
				CLANG_WARN_BLOCK_CAPTURE_AUTORELEASING = YES;
				CLANG_WARN_BOOL_CONVERSION = YES;
				CLANG_WARN_COMMA = YES;
				CLANG_WARN_CONSTANT_CONVERSION = YES;
				CLANG_WARN_DEPRECATED_OBJC_IMPLEMENTATIONS = YES;
				CLANG_WARN_DIRECT_OBJC_ISA_USAGE = YES_ERROR;
				CLANG_WARN_DOCUMENTATION_COMMENTS = YES;
				CLANG_WARN_EMPTY_BODY = YES;
				CLANG_WARN_ENUM_CONVERSION = YES;
				CLANG_WARN_INFINITE_RECURSION = YES;
				CLANG_WARN_INT_CONVERSION = YES;
				CLANG_WARN_NON_LITERAL_NULL_CONVERSION = YES;
				CLANG_WARN_OBJC_IMPLICIT_RETAIN_SELF = YES;
				CLANG_WARN_OBJC_LITERAL_CONVERSION = YES;
				CLANG_WARN_OBJC_ROOT_CLASS = YES_ERROR;
				CLANG_WARN_RANGE_LOOP_ANALYSIS = YES;
				CLANG_WARN_STRICT_PROTOTYPES = YES;
				CLANG_WARN_SUSPICIOUS_MOVE = YES;
				CLANG_WARN_UNGUARDED_AVAILABILITY = YES_AGGRESSIVE;
				CLANG_WARN_UNREACHABLE_CODE = YES;
				CLANG_WARN__DUPLICATE_METHOD_MATCH = YES;
				CODE_SIGN_IDENTITY = "iPhone Developer";
				COPY_PHASE_STRIP = NO;
				DEBUG_INFORMATION_FORMAT = dwarf;
				ENABLE_STRICT_OBJC_MSGSEND = YES;
				ENABLE_TESTABILITY = YES;
				GCC_C_LANGUAGE_STANDARD = gnu11;
				GCC_DYNAMIC_NO_PIC = NO;
				GCC_NO_COMMON_BLOCKS = YES;
				GCC_OPTIMIZATION_LEVEL = 0;
				GCC_PREPROCESSOR_DEFINITIONS = (
					"DEBUG=1",
					"$(inherited)",
				);
				GCC_WARN_64_TO_32_BIT_CONVERSION = YES;
				GCC_WARN_ABOUT_RETURN_TYPE = YES_ERROR;
				GCC_WARN_UNDECLARED_SELECTOR = YES;
				GCC_WARN_UNINITIALIZED_AUTOS = YES_AGGRESSIVE;
				GCC_WARN_UNUSED_FUNCTION = YES;
				GCC_WARN_UNUSED_VARIABLE = YES;
				IPHONEOS_DEPLOYMENT_TARGET = 12.1;
				MTL_ENABLE_DEBUG_INFO = INCLUDE_SOURCE;
				MTL_FAST_MATH = YES;
				ONLY_ACTIVE_ARCH = YES;
				SDKROOT = iphoneos;
				SWIFT_ACTIVE_COMPILATION_CONDITIONS = DEBUG;
				SWIFT_OPTIMIZATION_LEVEL = "-Onone";
			};
			name = Debug;
		};
		19EF6A482203A11E00332A40 /* Release */ = {
			isa = XCBuildConfiguration;
			buildSettings = {
				ALWAYS_SEARCH_USER_PATHS = NO;
				CLANG_ANALYZER_NONNULL = YES;
				CLANG_ANALYZER_NUMBER_OBJECT_CONVERSION = YES_AGGRESSIVE;
				CLANG_CXX_LANGUAGE_STANDARD = "gnu++14";
				CLANG_CXX_LIBRARY = "libc++";
				CLANG_ENABLE_MODULES = YES;
				CLANG_ENABLE_OBJC_ARC = YES;
				CLANG_ENABLE_OBJC_WEAK = YES;
				CLANG_WARN_BLOCK_CAPTURE_AUTORELEASING = YES;
				CLANG_WARN_BOOL_CONVERSION = YES;
				CLANG_WARN_COMMA = YES;
				CLANG_WARN_CONSTANT_CONVERSION = YES;
				CLANG_WARN_DEPRECATED_OBJC_IMPLEMENTATIONS = YES;
				CLANG_WARN_DIRECT_OBJC_ISA_USAGE = YES_ERROR;
				CLANG_WARN_DOCUMENTATION_COMMENTS = YES;
				CLANG_WARN_EMPTY_BODY = YES;
				CLANG_WARN_ENUM_CONVERSION = YES;
				CLANG_WARN_INFINITE_RECURSION = YES;
				CLANG_WARN_INT_CONVERSION = YES;
				CLANG_WARN_NON_LITERAL_NULL_CONVERSION = YES;
				CLANG_WARN_OBJC_IMPLICIT_RETAIN_SELF = YES;
				CLANG_WARN_OBJC_LITERAL_CONVERSION = YES;
				CLANG_WARN_OBJC_ROOT_CLASS = YES_ERROR;
				CLANG_WARN_RANGE_LOOP_ANALYSIS = YES;
				CLANG_WARN_STRICT_PROTOTYPES = YES;
				CLANG_WARN_SUSPICIOUS_MOVE = YES;
				CLANG_WARN_UNGUARDED_AVAILABILITY = YES_AGGRESSIVE;
				CLANG_WARN_UNREACHABLE_CODE = YES;
				CLANG_WARN__DUPLICATE_METHOD_MATCH = YES;
				CODE_SIGN_IDENTITY = "iPhone Developer";
				COPY_PHASE_STRIP = NO;
				DEBUG_INFORMATION_FORMAT = "dwarf-with-dsym";
				ENABLE_NS_ASSERTIONS = NO;
				ENABLE_STRICT_OBJC_MSGSEND = YES;
				GCC_C_LANGUAGE_STANDARD = gnu11;
				GCC_NO_COMMON_BLOCKS = YES;
				GCC_WARN_64_TO_32_BIT_CONVERSION = YES;
				GCC_WARN_ABOUT_RETURN_TYPE = YES_ERROR;
				GCC_WARN_UNDECLARED_SELECTOR = YES;
				GCC_WARN_UNINITIALIZED_AUTOS = YES_AGGRESSIVE;
				GCC_WARN_UNUSED_FUNCTION = YES;
				GCC_WARN_UNUSED_VARIABLE = YES;
				IPHONEOS_DEPLOYMENT_TARGET = 12.1;
				MTL_ENABLE_DEBUG_INFO = NO;
				MTL_FAST_MATH = YES;
				SDKROOT = iphoneos;
				SWIFT_COMPILATION_MODE = wholemodule;
				SWIFT_OPTIMIZATION_LEVEL = "-O";
				VALIDATE_PRODUCT = YES;
			};
			name = Release;
		};
		19EF6A4A2203A11E00332A40 /* Debug */ = {
			isa = XCBuildConfiguration;
			buildSettings = {
				ASSETCATALOG_COMPILER_APPICON_NAME = AppIcon;
				CODE_SIGN_STYLE = Automatic;
				DEVELOPMENT_TEAM = LX2PS5CHHC;
				INFOPLIST_FILE = "MemeMe 1.0/Info.plist";
				LD_RUNPATH_SEARCH_PATHS = (
					"$(inherited)",
					"@executable_path/Frameworks",
				);
				PRODUCT_BUNDLE_IDENTIFIER = "Me.MemeMe-1-0";
				PRODUCT_NAME = "$(TARGET_NAME)";
				SWIFT_VERSION = 4.2;
				TARGETED_DEVICE_FAMILY = "1,2";
			};
			name = Debug;
		};
		19EF6A4B2203A11E00332A40 /* Release */ = {
			isa = XCBuildConfiguration;
			buildSettings = {
				ASSETCATALOG_COMPILER_APPICON_NAME = AppIcon;
				CODE_SIGN_STYLE = Automatic;
				DEVELOPMENT_TEAM = LX2PS5CHHC;
				INFOPLIST_FILE = "MemeMe 1.0/Info.plist";
				LD_RUNPATH_SEARCH_PATHS = (
					"$(inherited)",
					"@executable_path/Frameworks",
				);
				PRODUCT_BUNDLE_IDENTIFIER = "Me.MemeMe-1-0";
				PRODUCT_NAME = "$(TARGET_NAME)";
				SWIFT_VERSION = 4.2;
				TARGETED_DEVICE_FAMILY = "1,2";
			};
			name = Release;
		};
/* End XCBuildConfiguration section */

/* Begin XCConfigurationList section */
		19EF6A322203A11D00332A40 /* Build configuration list for PBXProject "MemeMe" */ = {
			isa = XCConfigurationList;
			buildConfigurations = (
				19EF6A472203A11E00332A40 /* Debug */,
				19EF6A482203A11E00332A40 /* Release */,
			);
			defaultConfigurationIsVisible = 0;
			defaultConfigurationName = Release;
		};
		19EF6A492203A11E00332A40 /* Build configuration list for PBXNativeTarget "MemeMe" */ = {
			isa = XCConfigurationList;
			buildConfigurations = (
				19EF6A4A2203A11E00332A40 /* Debug */,
				19EF6A4B2203A11E00332A40 /* Release */,
			);
			defaultConfigurationIsVisible = 0;
			defaultConfigurationName = Release;
		};
/* End XCConfigurationList section */
	};
	rootObject = 19EF6A2F2203A11D00332A40 /* Project object */;
}
